
Microsoft Visual Studio Solution File, Format Version 12.00
# Visual Studio 2017
Project("{FAE04EC0-301F-11D3-BF4B-00C04F79EFBC}") = "ScriptObject", "ScriptObject.csproj", "{2A51E9F0-0369-485C-4CDE-3CCE973996F4}"
EndProject
Project("{FAE04EC0-301F-11D3-BF4B-00C04F79EFBC}") = "ScriptObject.Editor", "ScriptObject.Editor.csproj", "{FC63F444-8D60-B4F2-7162-401834C0993A}"
EndProject
Global
	GlobalSection(SolutionConfigurationPlatforms) = preSolution
		Debug|Any CPU = Debug|Any CPU
		Release|Any CPU = Release|Any CPU
	EndGlobalSection
	GlobalSection(ProjectConfigurationPlatforms) = postSolution
		{2A51E9F0-0369-485C-4CDE-3CCE973996F4}.Debug|Any CPU.ActiveCfg = Debug|Any CPU
		{2A51E9F0-0369-485C-4CDE-3CCE973996F4}.Debug|Any CPU.Build.0 = Debug|Any CPU
		{2A51E9F0-0369-485C-4CDE-3CCE973996F4}.Release|Any CPU.ActiveCfg = Release|Any CPU
		{2A51E9F0-0369-485C-4CDE-3CCE973996F4}.Release|Any CPU.Build.0 = Release|Any CPU
		{FC63F444-8D60-B4F2-7162-401834C0993A}.Debug|Any CPU.ActiveCfg = Debug|Any CPU
		{FC63F444-8D60-B4F2-7162-401834C0993A}.Debug|Any CPU.Build.0 = Debug|Any CPU
		{FC63F444-8D60-B4F2-7162-401834C0993A}.Release|Any CPU.ActiveCfg = Release|Any CPU
		{FC63F444-8D60-B4F2-7162-401834C0993A}.Release|Any CPU.Build.0 = Release|Any CPU
	EndGlobalSection
	GlobalSection(SolutionProperties) = preSolution
		HideSolutionNode = FALSE
	EndGlobalSection
EndGlobal
